
Microsoft Visual Studio Solution File, Format Version 12.00
# Visual Studio Version 17
VisualStudioVersion = 17.5.002.0
MinimumVisualStudioVersion = 10.0.40219.1
Project("{9A19103F-16F7-4668-BE54-9A1E7A4F7556}") = "Task1", "Task1\Task1.csproj", "{04678BDE-EFC0-4029-980F-72BC9A09FEBA}"
EndProject
Global
	GlobalSection(SolutionConfigurationPlatforms) = preSolution
		Debug|Any CPU = Debug|Any CPU
		Release|Any CPU = Release|Any CPU
	EndGlobalSection
	GlobalSection(ProjectConfigurationPlatforms) = postSolution
		{04678BDE-EFC0-4029-980F-72BC9A09FEBA}.Debug|Any CPU.ActiveCfg = Debug|Any CPU
		{04678BDE-EFC0-4029-980F-72BC9A09FEBA}.Debug|Any CPU.Build.0 = Debug|Any CPU
		{04678BDE-EFC0-4029-980F-72BC9A09FEBA}.Release|Any CPU.ActiveCfg = Release|Any CPU
		{04678BDE-EFC0-4029-980F-72BC9A09FEBA}.Release|Any CPU.Build.0 = Release|Any CPU
	EndGlobalSection
	GlobalSection(SolutionProperties) = preSolution
		HideSolutionNode = FALSE
	EndGlobalSection
	GlobalSection(ExtensibilityGlobals) = postSolution
		SolutionGuid = {B35352B9-B3AC-408E-B206-6E2789A00C4A}
	EndGlobalSection
EndGlobal
